// !$*UTF8*$!
{
	archiveVersion = 1;
	classes = {
	};
	objectVersion = 46;
	objects = {

/* Begin PBXBuildFile section */
		186575301D0D43DA00B6DF02 /* MrRideModel.swift in Sources */ = {isa = PBXBuildFile; fileRef = 1865752F1D0D43DA00B6DF02 /* MrRideModel.swift */; };
		186575321D0D43FF00B6DF02 /* ColorCollection.swift in Sources */ = {isa = PBXBuildFile; fileRef = 186575311D0D43FF00B6DF02 /* ColorCollection.swift */; };
		186575341D0D440F00B6DF02 /* FontCollection.swift in Sources */ = {isa = PBXBuildFile; fileRef = 186575331D0D440F00B6DF02 /* FontCollection.swift */; };
		186575361D0D447E00B6DF02 /* MRTableViewController.swift in Sources */ = {isa = PBXBuildFile; fileRef = 186575351D0D447E00B6DF02 /* MRTableViewController.swift */; };
		186575381D0D44D500B6DF02 /* FinishedController.swift in Sources */ = {isa = PBXBuildFile; fileRef = 186575371D0D44D500B6DF02 /* FinishedController.swift */; };
		1865753A1D0D44FE00B6DF02 /* TrackingController.swift in Sources */ = {isa = PBXBuildFile; fileRef = 186575391D0D44FE00B6DF02 /* TrackingController.swift */; };
		1865753C1D0D452600B6DF02 /* HistoryController.swift in Sources */ = {isa = PBXBuildFile; fileRef = 1865753B1D0D452600B6DF02 /* HistoryController.swift */; };
		1865753E1D0D455D00B6DF02 /* MenuTableViewCell.swift in Sources */ = {isa = PBXBuildFile; fileRef = 1865753D1D0D455D00B6DF02 /* MenuTableViewCell.swift */; };
		186F635D1D20EA9B005229D1 /* Fabric.framework in Frameworks */ = {isa = PBXBuildFile; fileRef = 186F635B1D20EA9B005229D1 /* Fabric.framework */; };
		186F635E1D20EA9B005229D1 /* Crashlytics.framework in Frameworks */ = {isa = PBXBuildFile; fileRef = 186F635C1D20EA9B005229D1 /* Crashlytics.framework */; };
		189380BC1D1CC2CB009BBFE3 /* RunRecords+CoreDataProperties.swift in Sources */ = {isa = PBXBuildFile; fileRef = 189380BA1D1CC2CB009BBFE3 /* RunRecords+CoreDataProperties.swift */; };
		189380BD1D1CC2CB009BBFE3 /* RunRecords.swift in Sources */ = {isa = PBXBuildFile; fileRef = 189380BB1D1CC2CB009BBFE3 /* RunRecords.swift */; };
		189380BF1D1CC321009BBFE3 /* CaloriesModel.swift in Sources */ = {isa = PBXBuildFile; fileRef = 189380BE1D1CC321009BBFE3 /* CaloriesModel.swift */; };
		189380C11D1CC3D1009BBFE3 /* LogInViewController.swift in Sources */ = {isa = PBXBuildFile; fileRef = 189380C01D1CC3D1009BBFE3 /* LogInViewController.swift */; };
		189380C51D1CC5EE009BBFE3 /* MapInfoViewController.swift in Sources */ = {isa = PBXBuildFile; fileRef = 189380C41D1CC5EE009BBFE3 /* MapInfoViewController.swift */; };
		189380C71D1CC61F009BBFE3 /* DataTaipei.swift in Sources */ = {isa = PBXBuildFile; fileRef = 189380C61D1CC61F009BBFE3 /* DataTaipei.swift */; };
		189380D41D1CDF38009BBFE3 /* HistoryTableViewCell.swift in Sources */ = {isa = PBXBuildFile; fileRef = 189380D31D1CDF38009BBFE3 /* HistoryTableViewCell.swift */; };
		189380D51D1CF4C2009BBFE3 /* RobotoMono-Bold.ttf in Resources */ = {isa = PBXBuildFile; fileRef = 189380C81D1CCA89009BBFE3 /* RobotoMono-Bold.ttf */; };
		189380D61D1CF4C2009BBFE3 /* RobotoMono-BoldItalic.ttf in Resources */ = {isa = PBXBuildFile; fileRef = 189380C91D1CCA89009BBFE3 /* RobotoMono-BoldItalic.ttf */; };
		189380D71D1CF4C2009BBFE3 /* RobotoMono-Italic.ttf in Resources */ = {isa = PBXBuildFile; fileRef = 189380CA1D1CCA89009BBFE3 /* RobotoMono-Italic.ttf */; };
		189380D81D1CF4C2009BBFE3 /* RobotoMono-Light.ttf in Resources */ = {isa = PBXBuildFile; fileRef = 189380CB1D1CCA89009BBFE3 /* RobotoMono-Light.ttf */; };
		189380D91D1CF4C2009BBFE3 /* RobotoMono-LightItalic.ttf in Resources */ = {isa = PBXBuildFile; fileRef = 189380CC1D1CCA89009BBFE3 /* RobotoMono-LightItalic.ttf */; };
		189380DA1D1CF4C2009BBFE3 /* RobotoMono-Medium.ttf in Resources */ = {isa = PBXBuildFile; fileRef = 189380CD1D1CCA89009BBFE3 /* RobotoMono-Medium.ttf */; };
		189380DB1D1CF4C2009BBFE3 /* RobotoMono-MediumItalic.ttf in Resources */ = {isa = PBXBuildFile; fileRef = 189380CE1D1CCA89009BBFE3 /* RobotoMono-MediumItalic.ttf */; };
		189380DC1D1CF4C2009BBFE3 /* RobotoMono-Regular.ttf in Resources */ = {isa = PBXBuildFile; fileRef = 189380CF1D1CCA89009BBFE3 /* RobotoMono-Regular.ttf */; };
		189380DD1D1CF4C2009BBFE3 /* RobotoMono-Thin.ttf in Resources */ = {isa = PBXBuildFile; fileRef = 189380D01D1CCA89009BBFE3 /* RobotoMono-Thin.ttf */; };
		189380DE1D1CF4C2009BBFE3 /* RobotoMono-ThinItalic.ttf in Resources */ = {isa = PBXBuildFile; fileRef = 189380D11D1CCA89009BBFE3 /* RobotoMono-ThinItalic.ttf */; };
		18AA61191D220858007AA131 /* GoogleService-Info.plist in Resources */ = {isa = PBXBuildFile; fileRef = 18AA61181D220858007AA131 /* GoogleService-Info.plist */; };
		18AA611E1D224FD8007AA131 /* Toilets+CoreDataProperties.swift in Sources */ = {isa = PBXBuildFile; fileRef = 18AA611A1D224FD8007AA131 /* Toilets+CoreDataProperties.swift */; };
		18AA611F1D224FD8007AA131 /* Toilets.swift in Sources */ = {isa = PBXBuildFile; fileRef = 18AA611B1D224FD8007AA131 /* Toilets.swift */; };
		18AA61201D224FD8007AA131 /* Ubikes+CoreDataProperties.swift in Sources */ = {isa = PBXBuildFile; fileRef = 18AA611C1D224FD8007AA131 /* Ubikes+CoreDataProperties.swift */; };
		18AA61211D224FD8007AA131 /* Ubikes.swift in Sources */ = {isa = PBXBuildFile; fileRef = 18AA611D1D224FD8007AA131 /* Ubikes.swift */; };
		18D2C2CB1D0D3DFF00F85639 /* AppDelegate.swift in Sources */ = {isa = PBXBuildFile; fileRef = 18D2C2CA1D0D3DFF00F85639 /* AppDelegate.swift */; };
		18D2C2CD1D0D3DFF00F85639 /* ViewController.swift in Sources */ = {isa = PBXBuildFile; fileRef = 18D2C2CC1D0D3DFF00F85639 /* ViewController.swift */; };
		18D2C2D01D0D3DFF00F85639 /* Main.storyboard in Resources */ = {isa = PBXBuildFile; fileRef = 18D2C2CE1D0D3DFF00F85639 /* Main.storyboard */; };
		18D2C2D31D0D3DFF00F85639 /* Mr_Ride_iOS.xcdatamodeld in Sources */ = {isa = PBXBuildFile; fileRef = 18D2C2D11D0D3DFF00F85639 /* Mr_Ride_iOS.xcdatamodeld */; };
		18D2C2D51D0D3DFF00F85639 /* Assets.xcassets in Resources */ = {isa = PBXBuildFile; fileRef = 18D2C2D41D0D3DFF00F85639 /* Assets.xcassets */; };
		18D2C2D81D0D3DFF00F85639 /* LaunchScreen.storyboard in Resources */ = {isa = PBXBuildFile; fileRef = 18D2C2D61D0D3DFF00F85639 /* LaunchScreen.storyboard */; };
		69088BA1C58A79D9696308D7 /* Pods.framework in Frameworks */ = {isa = PBXBuildFile; fileRef = 43D651CAF38E8013CEF59CA2 /* Pods.framework */; };
/* End PBXBuildFile section */

/* Begin PBXFileReference section */
		1865752F1D0D43DA00B6DF02 /* MrRideModel.swift */ = {isa = PBXFileReference; fileEncoding = 4; lastKnownFileType = sourcecode.swift; path = MrRideModel.swift; sourceTree = "<group>"; };
		186575311D0D43FF00B6DF02 /* ColorCollection.swift */ = {isa = PBXFileReference; fileEncoding = 4; lastKnownFileType = sourcecode.swift; path = ColorCollection.swift; sourceTree = "<group>"; };
		186575331D0D440F00B6DF02 /* FontCollection.swift */ = {isa = PBXFileReference; fileEncoding = 4; lastKnownFileType = sourcecode.swift; path = FontCollection.swift; sourceTree = "<group>"; };
		186575351D0D447E00B6DF02 /* MRTableViewController.swift */ = {isa = PBXFileReference; fileEncoding = 4; lastKnownFileType = sourcecode.swift; path = MRTableViewController.swift; sourceTree = "<group>"; };
		186575371D0D44D500B6DF02 /* FinishedController.swift */ = {isa = PBXFileReference; fileEncoding = 4; lastKnownFileType = sourcecode.swift; path = FinishedController.swift; sourceTree = "<group>"; };
		186575391D0D44FE00B6DF02 /* TrackingController.swift */ = {isa = PBXFileReference; fileEncoding = 4; lastKnownFileType = sourcecode.swift; path = TrackingController.swift; sourceTree = "<group>"; };
		1865753B1D0D452600B6DF02 /* HistoryController.swift */ = {isa = PBXFileReference; fileEncoding = 4; lastKnownFileType = sourcecode.swift; path = HistoryController.swift; sourceTree = "<group>"; };
		1865753D1D0D455D00B6DF02 /* MenuTableViewCell.swift */ = {isa = PBXFileReference; fileEncoding = 4; lastKnownFileType = sourcecode.swift; path = MenuTableViewCell.swift; sourceTree = "<group>"; };
		186F635B1D20EA9B005229D1 /* Fabric.framework */ = {isa = PBXFileReference; lastKnownFileType = wrapper.framework; path = Fabric.framework; sourceTree = "<group>"; };
		186F635C1D20EA9B005229D1 /* Crashlytics.framework */ = {isa = PBXFileReference; lastKnownFileType = wrapper.framework; path = Crashlytics.framework; sourceTree = "<group>"; };
		189380BA1D1CC2CB009BBFE3 /* RunRecords+CoreDataProperties.swift */ = {isa = PBXFileReference; fileEncoding = 4; lastKnownFileType = sourcecode.swift; path = "RunRecords+CoreDataProperties.swift"; sourceTree = "<group>"; };
		189380BB1D1CC2CB009BBFE3 /* RunRecords.swift */ = {isa = PBXFileReference; fileEncoding = 4; lastKnownFileType = sourcecode.swift; path = RunRecords.swift; sourceTree = "<group>"; };
		189380BE1D1CC321009BBFE3 /* CaloriesModel.swift */ = {isa = PBXFileReference; fileEncoding = 4; lastKnownFileType = sourcecode.swift; path = CaloriesModel.swift; sourceTree = "<group>"; };
		189380C01D1CC3D1009BBFE3 /* LogInViewController.swift */ = {isa = PBXFileReference; fileEncoding = 4; lastKnownFileType = sourcecode.swift; path = LogInViewController.swift; sourceTree = "<group>"; };
		189380C41D1CC5EE009BBFE3 /* MapInfoViewController.swift */ = {isa = PBXFileReference; fileEncoding = 4; lastKnownFileType = sourcecode.swift; path = MapInfoViewController.swift; sourceTree = "<group>"; };
		189380C61D1CC61F009BBFE3 /* DataTaipei.swift */ = {isa = PBXFileReference; fileEncoding = 4; lastKnownFileType = sourcecode.swift; path = DataTaipei.swift; sourceTree = "<group>"; };
		189380C81D1CCA89009BBFE3 /* RobotoMono-Bold.ttf */ = {isa = PBXFileReference; lastKnownFileType = file; path = "RobotoMono-Bold.ttf"; sourceTree = "<group>"; };
		189380C91D1CCA89009BBFE3 /* RobotoMono-BoldItalic.ttf */ = {isa = PBXFileReference; lastKnownFileType = file; path = "RobotoMono-BoldItalic.ttf"; sourceTree = "<group>"; };
		189380CA1D1CCA89009BBFE3 /* RobotoMono-Italic.ttf */ = {isa = PBXFileReference; lastKnownFileType = file; path = "RobotoMono-Italic.ttf"; sourceTree = "<group>"; };
		189380CB1D1CCA89009BBFE3 /* RobotoMono-Light.ttf */ = {isa = PBXFileReference; lastKnownFileType = file; path = "RobotoMono-Light.ttf"; sourceTree = "<group>"; };
		189380CC1D1CCA89009BBFE3 /* RobotoMono-LightItalic.ttf */ = {isa = PBXFileReference; lastKnownFileType = file; path = "RobotoMono-LightItalic.ttf"; sourceTree = "<group>"; };
		189380CD1D1CCA89009BBFE3 /* RobotoMono-Medium.ttf */ = {isa = PBXFileReference; lastKnownFileType = file; path = "RobotoMono-Medium.ttf"; sourceTree = "<group>"; };
		189380CE1D1CCA89009BBFE3 /* RobotoMono-MediumItalic.ttf */ = {isa = PBXFileReference; lastKnownFileType = file; path = "RobotoMono-MediumItalic.ttf"; sourceTree = "<group>"; };
		189380CF1D1CCA89009BBFE3 /* RobotoMono-Regular.ttf */ = {isa = PBXFileReference; lastKnownFileType = file; path = "RobotoMono-Regular.ttf"; sourceTree = "<group>"; };
		189380D01D1CCA89009BBFE3 /* RobotoMono-Thin.ttf */ = {isa = PBXFileReference; lastKnownFileType = file; path = "RobotoMono-Thin.ttf"; sourceTree = "<group>"; };
		189380D11D1CCA89009BBFE3 /* RobotoMono-ThinItalic.ttf */ = {isa = PBXFileReference; lastKnownFileType = file; path = "RobotoMono-ThinItalic.ttf"; sourceTree = "<group>"; };
		189380D31D1CDF38009BBFE3 /* HistoryTableViewCell.swift */ = {isa = PBXFileReference; fileEncoding = 4; lastKnownFileType = sourcecode.swift; path = HistoryTableViewCell.swift; sourceTree = "<group>"; };
		18AA61171D2207E9007AA131 /* BridgingHeader.h */ = {isa = PBXFileReference; fileEncoding = 4; lastKnownFileType = sourcecode.c.h; path = BridgingHeader.h; sourceTree = "<group>"; };
		18AA61181D220858007AA131 /* GoogleService-Info.plist */ = {isa = PBXFileReference; fileEncoding = 4; lastKnownFileType = text.plist.xml; path = "GoogleService-Info.plist"; sourceTree = "<group>"; };
		18AA611A1D224FD8007AA131 /* Toilets+CoreDataProperties.swift */ = {isa = PBXFileReference; fileEncoding = 4; lastKnownFileType = sourcecode.swift; path = "Toilets+CoreDataProperties.swift"; sourceTree = "<group>"; };
		18AA611B1D224FD8007AA131 /* Toilets.swift */ = {isa = PBXFileReference; fileEncoding = 4; lastKnownFileType = sourcecode.swift; path = Toilets.swift; sourceTree = "<group>"; };
		18AA611C1D224FD8007AA131 /* Ubikes+CoreDataProperties.swift */ = {isa = PBXFileReference; fileEncoding = 4; lastKnownFileType = sourcecode.swift; path = "Ubikes+CoreDataProperties.swift"; sourceTree = "<group>"; };
		18AA611D1D224FD8007AA131 /* Ubikes.swift */ = {isa = PBXFileReference; fileEncoding = 4; lastKnownFileType = sourcecode.swift; path = Ubikes.swift; sourceTree = "<group>"; };
		18D2C2C71D0D3DFF00F85639 /* Mr-Ride-iOS.app */ = {isa = PBXFileReference; explicitFileType = wrapper.application; includeInIndex = 0; path = "Mr-Ride-iOS.app"; sourceTree = BUILT_PRODUCTS_DIR; };
		18D2C2CA1D0D3DFF00F85639 /* AppDelegate.swift */ = {isa = PBXFileReference; lastKnownFileType = sourcecode.swift; path = AppDelegate.swift; sourceTree = "<group>"; };
		18D2C2CC1D0D3DFF00F85639 /* ViewController.swift */ = {isa = PBXFileReference; lastKnownFileType = sourcecode.swift; path = ViewController.swift; sourceTree = "<group>"; };
		18D2C2CF1D0D3DFF00F85639 /* Base */ = {isa = PBXFileReference; lastKnownFileType = file.storyboard; name = Base; path = Base.lproj/Main.storyboard; sourceTree = "<group>"; };
		18D2C2D21D0D3DFF00F85639 /* Mr_Ride_iOS.xcdatamodel */ = {isa = PBXFileReference; lastKnownFileType = wrapper.xcdatamodel; path = Mr_Ride_iOS.xcdatamodel; sourceTree = "<group>"; };
		18D2C2D41D0D3DFF00F85639 /* Assets.xcassets */ = {isa = PBXFileReference; lastKnownFileType = folder.assetcatalog; path = Assets.xcassets; sourceTree = "<group>"; };
		18D2C2D71D0D3DFF00F85639 /* Base */ = {isa = PBXFileReference; lastKnownFileType = file.storyboard; name = Base; path = Base.lproj/LaunchScreen.storyboard; sourceTree = "<group>"; };
		18D2C2D91D0D3DFF00F85639 /* Info.plist */ = {isa = PBXFileReference; lastKnownFileType = text.plist.xml; path = Info.plist; sourceTree = "<group>"; };
		43D651CAF38E8013CEF59CA2 /* Pods.framework */ = {isa = PBXFileReference; explicitFileType = wrapper.framework; includeInIndex = 0; path = Pods.framework; sourceTree = BUILT_PRODUCTS_DIR; };
		4FBE6F4CF8AD138EF5002FB4 /* Pods.release.xcconfig */ = {isa = PBXFileReference; includeInIndex = 1; lastKnownFileType = text.xcconfig; name = Pods.release.xcconfig; path = "Pods/Target Support Files/Pods/Pods.release.xcconfig"; sourceTree = "<group>"; };
		8BDDCDA2D75D4A524FB9E360 /* Pods.debug.xcconfig */ = {isa = PBXFileReference; includeInIndex = 1; lastKnownFileType = text.xcconfig; name = Pods.debug.xcconfig; path = "Pods/Target Support Files/Pods/Pods.debug.xcconfig"; sourceTree = "<group>"; };
/* End PBXFileReference section */

/* Begin PBXFrameworksBuildPhase section */
		18D2C2C41D0D3DFF00F85639 /* Frameworks */ = {
			isa = PBXFrameworksBuildPhase;
			buildActionMask = 2147483647;
			files = (
				69088BA1C58A79D9696308D7 /* Pods.framework in Frameworks */,
				186F635E1D20EA9B005229D1 /* Crashlytics.framework in Frameworks */,
				186F635D1D20EA9B005229D1 /* Fabric.framework in Frameworks */,
			);
			runOnlyForDeploymentPostprocessing = 0;
		};
/* End PBXFrameworksBuildPhase section */

/* Begin PBXGroup section */
		189380D21D1CCA92009BBFE3 /* FontBook */ = {
			isa = PBXGroup;
			children = (
				189380C81D1CCA89009BBFE3 /* RobotoMono-Bold.ttf */,
				189380C91D1CCA89009BBFE3 /* RobotoMono-BoldItalic.ttf */,
				189380CA1D1CCA89009BBFE3 /* RobotoMono-Italic.ttf */,
				189380CB1D1CCA89009BBFE3 /* RobotoMono-Light.ttf */,
				189380CC1D1CCA89009BBFE3 /* RobotoMono-LightItalic.ttf */,
				189380CD1D1CCA89009BBFE3 /* RobotoMono-Medium.ttf */,
				189380CE1D1CCA89009BBFE3 /* RobotoMono-MediumItalic.ttf */,
				189380CF1D1CCA89009BBFE3 /* RobotoMono-Regular.ttf */,
				189380D01D1CCA89009BBFE3 /* RobotoMono-Thin.ttf */,
				189380D11D1CCA89009BBFE3 /* RobotoMono-ThinItalic.ttf */,
			);
			name = FontBook;
			sourceTree = "<group>";
		};
		18AA61221D224FEE007AA131 /* DataSource */ = {
			isa = PBXGroup;
			children = (
				18AA611A1D224FD8007AA131 /* Toilets+CoreDataProperties.swift */,
				18AA611B1D224FD8007AA131 /* Toilets.swift */,
				18AA611C1D224FD8007AA131 /* Ubikes+CoreDataProperties.swift */,
				18AA611D1D224FD8007AA131 /* Ubikes.swift */,
				18AA61171D2207E9007AA131 /* BridgingHeader.h */,
				189380BA1D1CC2CB009BBFE3 /* RunRecords+CoreDataProperties.swift */,
				189380BB1D1CC2CB009BBFE3 /* RunRecords.swift */,
			);
			name = DataSource;
			sourceTree = "<group>";
		};
		18D2C2BE1D0D3DFF00F85639 = {
			isa = PBXGroup;
			children = (
				186F635B1D20EA9B005229D1 /* Fabric.framework */,
				186F635C1D20EA9B005229D1 /* Crashlytics.framework */,
				18D2C2C91D0D3DFF00F85639 /* Mr-Ride-iOS */,
				18D2C2C81D0D3DFF00F85639 /* Products */,
				361467DE3ACC9280B7AB44DE /* Pods */,
				3118C203951F12D2B54A5898 /* Frameworks */,
			);
			sourceTree = "<group>";
		};
		18D2C2C81D0D3DFF00F85639 /* Products */ = {
			isa = PBXGroup;
			children = (
				18D2C2C71D0D3DFF00F85639 /* Mr-Ride-iOS.app */,
			);
			name = Products;
			sourceTree = "<group>";
		};
		18D2C2C91D0D3DFF00F85639 /* Mr-Ride-iOS */ = {
			isa = PBXGroup;
			children = (
				18AA61221D224FEE007AA131 /* DataSource */,
				18D2C2CA1D0D3DFF00F85639 /* AppDelegate.swift */,
				18D2C2CC1D0D3DFF00F85639 /* ViewController.swift */,
				186575351D0D447E00B6DF02 /* MRTableViewController.swift */,
				189380C41D1CC5EE009BBFE3 /* MapInfoViewController.swift */,
				189380C61D1CC61F009BBFE3 /* DataTaipei.swift */,
				186575371D0D44D500B6DF02 /* FinishedController.swift */,
				186575391D0D44FE00B6DF02 /* TrackingController.swift */,
				189380D31D1CDF38009BBFE3 /* HistoryTableViewCell.swift */,
				1865753B1D0D452600B6DF02 /* HistoryController.swift */,
				1865753D1D0D455D00B6DF02 /* MenuTableViewCell.swift */,
				1865752F1D0D43DA00B6DF02 /* MrRideModel.swift */,
				186575311D0D43FF00B6DF02 /* ColorCollection.swift */,
				189380BE1D1CC321009BBFE3 /* CaloriesModel.swift */,
				186575331D0D440F00B6DF02 /* FontCollection.swift */,
				18D2C2CE1D0D3DFF00F85639 /* Main.storyboard */,
				189380C01D1CC3D1009BBFE3 /* LogInViewController.swift */,
				18D2C2D41D0D3DFF00F85639 /* Assets.xcassets */,
				189380D21D1CCA92009BBFE3 /* FontBook */,
				18D2C2D61D0D3DFF00F85639 /* LaunchScreen.storyboard */,
				18AA61181D220858007AA131 /* GoogleService-Info.plist */,
				18D2C2D91D0D3DFF00F85639 /* Info.plist */,
				18D2C2D11D0D3DFF00F85639 /* Mr_Ride_iOS.xcdatamodeld */,
			);
			path = "Mr-Ride-iOS";
			sourceTree = "<group>";
		};
		3118C203951F12D2B54A5898 /* Frameworks */ = {
			isa = PBXGroup;
			children = (
				43D651CAF38E8013CEF59CA2 /* Pods.framework */,
			);
			name = Frameworks;
			sourceTree = "<group>";
		};
		361467DE3ACC9280B7AB44DE /* Pods */ = {
			isa = PBXGroup;
			children = (
				8BDDCDA2D75D4A524FB9E360 /* Pods.debug.xcconfig */,
				4FBE6F4CF8AD138EF5002FB4 /* Pods.release.xcconfig */,
			);
			name = Pods;
			sourceTree = "<group>";
		};
/* End PBXGroup section */

/* Begin PBXNativeTarget section */
		18D2C2C61D0D3DFF00F85639 /* Mr-Ride-iOS */ = {
			isa = PBXNativeTarget;
			buildConfigurationList = 18D2C2DC1D0D3DFF00F85639 /* Build configuration list for PBXNativeTarget "Mr-Ride-iOS" */;
			buildPhases = (
				CE0E1A95EF196457DEAD6864 /* Check Pods Manifest.lock */,
				18D2C2C31D0D3DFF00F85639 /* Sources */,
				18D2C2C41D0D3DFF00F85639 /* Frameworks */,
				18D2C2C51D0D3DFF00F85639 /* Resources */,
				BB5EAE5CC11883133702380E /* Embed Pods Frameworks */,
				51DAC4642741A3013CB7175F /* Copy Pods Resources */,
				186F635A1D20EA45005229D1 /* ShellScript */,
			);
			buildRules = (
			);
			dependencies = (
			);
			name = "Mr-Ride-iOS";
			productName = "Mr-Ride-iOS";
			productReference = 18D2C2C71D0D3DFF00F85639 /* Mr-Ride-iOS.app */;
			productType = "com.apple.product-type.application";
		};
/* End PBXNativeTarget section */

/* Begin PBXProject section */
		18D2C2BF1D0D3DFF00F85639 /* Project object */ = {
			isa = PBXProject;
			attributes = {
				LastSwiftUpdateCheck = 0720;
				LastUpgradeCheck = 0720;
				ORGANIZATIONNAME = com.josee;
				TargetAttributes = {
					18D2C2C61D0D3DFF00F85639 = {
						CreatedOnToolsVersion = 7.2;
						DevelopmentTeam = NE97ELEBA4;
					};
				};
			};
			buildConfigurationList = 18D2C2C21D0D3DFF00F85639 /* Build configuration list for PBXProject "Mr-Ride-iOS" */;
			compatibilityVersion = "Xcode 3.2";
			developmentRegion = English;
			hasScannedForEncodings = 0;
			knownRegions = (
				en,
				Base,
			);
			mainGroup = 18D2C2BE1D0D3DFF00F85639;
			productRefGroup = 18D2C2C81D0D3DFF00F85639 /* Products */;
			projectDirPath = "";
			projectRoot = "";
			targets = (
				18D2C2C61D0D3DFF00F85639 /* Mr-Ride-iOS */,
			);
		};
/* End PBXProject section */

/* Begin PBXResourcesBuildPhase section */
		18D2C2C51D0D3DFF00F85639 /* Resources */ = {
			isa = PBXResourcesBuildPhase;
			buildActionMask = 2147483647;
			files = (
				189380D51D1CF4C2009BBFE3 /* RobotoMono-Bold.ttf in Resources */,
				189380D61D1CF4C2009BBFE3 /* RobotoMono-BoldItalic.ttf in Resources */,
				189380D71D1CF4C2009BBFE3 /* RobotoMono-Italic.ttf in Resources */,
				189380D81D1CF4C2009BBFE3 /* RobotoMono-Light.ttf in Resources */,
				189380D91D1CF4C2009BBFE3 /* RobotoMono-LightItalic.ttf in Resources */,
				189380DA1D1CF4C2009BBFE3 /* RobotoMono-Medium.ttf in Resources */,
				189380DB1D1CF4C2009BBFE3 /* RobotoMono-MediumItalic.ttf in Resources */,
				189380DC1D1CF4C2009BBFE3 /* RobotoMono-Regular.ttf in Resources */,
				189380DD1D1CF4C2009BBFE3 /* RobotoMono-Thin.ttf in Resources */,
				189380DE1D1CF4C2009BBFE3 /* RobotoMono-ThinItalic.ttf in Resources */,
				18D2C2D81D0D3DFF00F85639 /* LaunchScreen.storyboard in Resources */,
				18D2C2D51D0D3DFF00F85639 /* Assets.xcassets in Resources */,
				18D2C2D01D0D3DFF00F85639 /* Main.storyboard in Resources */,
				18AA61191D220858007AA131 /* GoogleService-Info.plist in Resources */,
			);
			runOnlyForDeploymentPostprocessing = 0;
		};
/* End PBXResourcesBuildPhase section */

/* Begin PBXShellScriptBuildPhase section */
		186F635A1D20EA45005229D1 /* ShellScript */ = {
			isa = PBXShellScriptBuildPhase;
			buildActionMask = 2147483647;
			files = (
			);
			inputPaths = (
			);
			outputPaths = (
			);
			runOnlyForDeploymentPostprocessing = 0;
			shellPath = /bin/sh;
			shellScript = "./Fabric.framework/run ae5b51b7a3480b75fae0e4af2f5d3b9f7f37b52e a5ed2de0225407e13d761d1ac2eb53970a39218be48691945f3445ff747b8b86";
		};
		51DAC4642741A3013CB7175F /* Copy Pods Resources */ = {
			isa = PBXShellScriptBuildPhase;
			buildActionMask = 2147483647;
			files = (
			);
			inputPaths = (
			);
			name = "Copy Pods Resources";
			outputPaths = (
			);
			runOnlyForDeploymentPostprocessing = 0;
			shellPath = /bin/sh;
			shellScript = "\"${SRCROOT}/Pods/Target Support Files/Pods/Pods-resources.sh\"\n";
			showEnvVarsInLog = 0;
		};
		BB5EAE5CC11883133702380E /* Embed Pods Frameworks */ = {
			isa = PBXShellScriptBuildPhase;
			buildActionMask = 2147483647;
			files = (
			);
			inputPaths = (
			);
			name = "Embed Pods Frameworks";
			outputPaths = (
			);
			runOnlyForDeploymentPostprocessing = 0;
			shellPath = /bin/sh;
			shellScript = "\"${SRCROOT}/Pods/Target Support Files/Pods/Pods-frameworks.sh\"\n";
			showEnvVarsInLog = 0;
		};
		CE0E1A95EF196457DEAD6864 /* Check Pods Manifest.lock */ = {
			isa = PBXShellScriptBuildPhase;
			buildActionMask = 2147483647;
			files = (
			);
			inputPaths = (
			);
			name = "Check Pods Manifest.lock";
			outputPaths = (
			);
			runOnlyForDeploymentPostprocessing = 0;
			shellPath = /bin/sh;
			shellScript = "diff \"${PODS_ROOT}/../Podfile.lock\" \"${PODS_ROOT}/Manifest.lock\" > /dev/null\nif [[ $? != 0 ]] ; then\n    cat << EOM\nerror: The sandbox is not in sync with the Podfile.lock. Run 'pod install' or update your CocoaPods installation.\nEOM\n    exit 1\nfi\n";
			showEnvVarsInLog = 0;
		};
/* End PBXShellScriptBuildPhase section */

/* Begin PBXSourcesBuildPhase section */
		18D2C2C31D0D3DFF00F85639 /* Sources */ = {
			isa = PBXSourcesBuildPhase;
			buildActionMask = 2147483647;
			files = (
				18AA611F1D224FD8007AA131 /* Toilets.swift in Sources */,
				189380D41D1CDF38009BBFE3 /* HistoryTableViewCell.swift in Sources */,
				1865753C1D0D452600B6DF02 /* HistoryController.swift in Sources */,
				1865753A1D0D44FE00B6DF02 /* TrackingController.swift in Sources */,
				186575341D0D440F00B6DF02 /* FontCollection.swift in Sources */,
				189380C71D1CC61F009BBFE3 /* DataTaipei.swift in Sources */,
				186575381D0D44D500B6DF02 /* FinishedController.swift in Sources */,
				189380BC1D1CC2CB009BBFE3 /* RunRecords+CoreDataProperties.swift in Sources */,
				186575361D0D447E00B6DF02 /* MRTableViewController.swift in Sources */,
				189380BD1D1CC2CB009BBFE3 /* RunRecords.swift in Sources */,
				189380BF1D1CC321009BBFE3 /* CaloriesModel.swift in Sources */,
				189380C11D1CC3D1009BBFE3 /* LogInViewController.swift in Sources */,
				186575301D0D43DA00B6DF02 /* MrRideModel.swift in Sources */,
				18D2C2CD1D0D3DFF00F85639 /* ViewController.swift in Sources */,
				18D2C2CB1D0D3DFF00F85639 /* AppDelegate.swift in Sources */,
				186575321D0D43FF00B6DF02 /* ColorCollection.swift in Sources */,
				18AA61211D224FD8007AA131 /* Ubikes.swift in Sources */,
				18D2C2D31D0D3DFF00F85639 /* Mr_Ride_iOS.xcdatamodeld in Sources */,
				1865753E1D0D455D00B6DF02 /* MenuTableViewCell.swift in Sources */,
				189380C51D1CC5EE009BBFE3 /* MapInfoViewController.swift in Sources */,
				18AA611E1D224FD8007AA131 /* Toilets+CoreDataProperties.swift in Sources */,
				18AA61201D224FD8007AA131 /* Ubikes+CoreDataProperties.swift in Sources */,
			);
			runOnlyForDeploymentPostprocessing = 0;
		};
/* End PBXSourcesBuildPhase section */

/* Begin PBXVariantGroup section */
		18D2C2CE1D0D3DFF00F85639 /* Main.storyboard */ = {
			isa = PBXVariantGroup;
			children = (
				18D2C2CF1D0D3DFF00F85639 /* Base */,
			);
			name = Main.storyboard;
			sourceTree = "<group>";
		};
		18D2C2D61D0D3DFF00F85639 /* LaunchScreen.storyboard */ = {
			isa = PBXVariantGroup;
			children = (
				18D2C2D71D0D3DFF00F85639 /* Base */,
			);
			name = LaunchScreen.storyboard;
			sourceTree = "<group>";
		};
/* End PBXVariantGroup section */

/* Begin XCBuildConfiguration section */
		18D2C2DA1D0D3DFF00F85639 /* Debug */ = {
			isa = XCBuildConfiguration;
			buildSettings = {
				ALWAYS_SEARCH_USER_PATHS = NO;
				CLANG_CXX_LANGUAGE_STANDARD = "gnu++0x";
				CLANG_CXX_LIBRARY = "libc++";
				CLANG_ENABLE_MODULES = YES;
				CLANG_ENABLE_OBJC_ARC = YES;
				CLANG_WARN_BOOL_CONVERSION = YES;
				CLANG_WARN_CONSTANT_CONVERSION = YES;
				CLANG_WARN_DIRECT_OBJC_ISA_USAGE = YES_ERROR;
				CLANG_WARN_EMPTY_BODY = YES;
				CLANG_WARN_ENUM_CONVERSION = YES;
				CLANG_WARN_INT_CONVERSION = YES;
				CLANG_WARN_OBJC_ROOT_CLASS = YES_ERROR;
				CLANG_WARN_UNREACHABLE_CODE = YES;
				CLANG_WARN__DUPLICATE_METHOD_MATCH = YES;
				"CODE_SIGN_IDENTITY[sdk=iphoneos*]" = "iPhone Developer";
				COPY_PHASE_STRIP = NO;
				DEBUG_INFORMATION_FORMAT = dwarf;
				ENABLE_STRICT_OBJC_MSGSEND = YES;
				ENABLE_TESTABILITY = YES;
				GCC_C_LANGUAGE_STANDARD = gnu99;
				GCC_DYNAMIC_NO_PIC = NO;
				GCC_NO_COMMON_BLOCKS = YES;
				GCC_OPTIMIZATION_LEVEL = 0;
				GCC_PREPROCESSOR_DEFINITIONS = (
					"DEBUG=1",
					"$(inherited)",
				);
				GCC_WARN_64_TO_32_BIT_CONVERSION = YES;
				GCC_WARN_ABOUT_RETURN_TYPE = YES_ERROR;
				GCC_WARN_UNDECLARED_SELECTOR = YES;
				GCC_WARN_UNINITIALIZED_AUTOS = YES_AGGRESSIVE;
				GCC_WARN_UNUSED_FUNCTION = YES;
				GCC_WARN_UNUSED_VARIABLE = YES;
				IPHONEOS_DEPLOYMENT_TARGET = 9.2;
				MTL_ENABLE_DEBUG_INFO = YES;
				ONLY_ACTIVE_ARCH = YES;
				SDKROOT = iphoneos;
				SWIFT_OPTIMIZATION_LEVEL = "-Onone";
				TARGETED_DEVICE_FAMILY = "1,2";
			};
			name = Debug;
		};
		18D2C2DB1D0D3DFF00F85639 /* Release */ = {
			isa = XCBuildConfiguration;
			buildSettings = {
				ALWAYS_SEARCH_USER_PATHS = NO;
				CLANG_CXX_LANGUAGE_STANDARD = "gnu++0x";
				CLANG_CXX_LIBRARY = "libc++";
				CLANG_ENABLE_MODULES = YES;
				CLANG_ENABLE_OBJC_ARC = YES;
				CLANG_WARN_BOOL_CONVERSION = YES;
				CLANG_WARN_CONSTANT_CONVERSION = YES;
				CLANG_WARN_DIRECT_OBJC_ISA_USAGE = YES_ERROR;
				CLANG_WARN_EMPTY_BODY = YES;
				CLANG_WARN_ENUM_CONVERSION = YES;
				CLANG_WARN_INT_CONVERSION = YES;
				CLANG_WARN_OBJC_ROOT_CLASS = YES_ERROR;
				CLANG_WARN_UNREACHABLE_CODE = YES;
				CLANG_WARN__DUPLICATE_METHOD_MATCH = YES;
				"CODE_SIGN_IDENTITY[sdk=iphoneos*]" = "iPhone Developer";
				COPY_PHASE_STRIP = NO;
				DEBUG_INFORMATION_FORMAT = "dwarf-with-dsym";
				ENABLE_NS_ASSERTIONS = NO;
				ENABLE_STRICT_OBJC_MSGSEND = YES;
				GCC_C_LANGUAGE_STANDARD = gnu99;
				GCC_NO_COMMON_BLOCKS = YES;
				GCC_WARN_64_TO_32_BIT_CONVERSION = YES;
				GCC_WARN_ABOUT_RETURN_TYPE = YES_ERROR;
				GCC_WARN_UNDECLARED_SELECTOR = YES;
				GCC_WARN_UNINITIALIZED_AUTOS = YES_AGGRESSIVE;
				GCC_WARN_UNUSED_FUNCTION = YES;
				GCC_WARN_UNUSED_VARIABLE = YES;
				IPHONEOS_DEPLOYMENT_TARGET = 9.2;
				MTL_ENABLE_DEBUG_INFO = NO;
				SDKROOT = iphoneos;
				TARGETED_DEVICE_FAMILY = "1,2";
				VALIDATE_PRODUCT = YES;
			};
			name = Release;
		};
		18D2C2DD1D0D3DFF00F85639 /* Debug */ = {
			isa = XCBuildConfiguration;
			baseConfigurationReference = 8BDDCDA2D75D4A524FB9E360 /* Pods.debug.xcconfig */;
			buildSettings = {
				ASSETCATALOG_COMPILER_APPICON_NAME = AppIcon;
				FRAMEWORK_SEARCH_PATHS = (
					"$(inherited)",
					"$(PROJECT_DIR)",
				);
				INFOPLIST_FILE = "Mr-Ride-iOS/Info.plist";
				IPHONEOS_DEPLOYMENT_TARGET = 9.2;
				LD_RUNPATH_SEARCH_PATHS = "$(inherited) @executable_path/Frameworks";
				PRODUCT_BUNDLE_IDENTIFIER = "josee.Mr-Ride-iOS";
				PRODUCT_NAME = "$(TARGET_NAME)";
				SWIFT_OBJC_BRIDGING_HEADER = "Mr-Ride-iOS/BridgingHeader.h";
			};
			name = Debug;
		};
		18D2C2DE1D0D3DFF00F85639 /* Release */ = {
			isa = XCBuildConfiguration;
			baseConfigurationReference = 4FBE6F4CF8AD138EF5002FB4 /* Pods.release.xcconfig */;
			buildSettings = {
				ASSETCATALOG_COMPILER_APPICON_NAME = AppIcon;
				FRAMEWORK_SEARCH_PATHS = (
					"$(inherited)",
					"$(PROJECT_DIR)",
				);
				INFOPLIST_FILE = "Mr-Ride-iOS/Info.plist";
				IPHONEOS_DEPLOYMENT_TARGET = 9.2;
				LD_RUNPATH_SEARCH_PATHS = "$(inherited) @executable_path/Frameworks";
				PRODUCT_BUNDLE_IDENTIFIER = "josee.Mr-Ride-iOS";
				PRODUCT_NAME = "$(TARGET_NAME)";
				SWIFT_OBJC_BRIDGING_HEADER = "Mr-Ride-iOS/BridgingHeader.h";
			};
			name = Release;
		};
/* End XCBuildConfiguration section */

/* Begin XCConfigurationList section */
		18D2C2C21D0D3DFF00F85639 /* Build configuration list for PBXProject "Mr-Ride-iOS" */ = {
			isa = XCConfigurationList;
			buildConfigurations = (
				18D2C2DA1D0D3DFF00F85639 /* Debug */,
				18D2C2DB1D0D3DFF00F85639 /* Release */,
			);
			defaultConfigurationIsVisible = 0;
			defaultConfigurationName = Release;
		};
		18D2C2DC1D0D3DFF00F85639 /* Build configuration list for PBXNativeTarget "Mr-Ride-iOS" */ = {
			isa = XCConfigurationList;
			buildConfigurations = (
				18D2C2DD1D0D3DFF00F85639 /* Debug */,
				18D2C2DE1D0D3DFF00F85639 /* Release */,
			);
			defaultConfigurationIsVisible = 0;
			defaultConfigurationName = Release;
		};
/* End XCConfigurationList section */

/* Begin XCVersionGroup section */
		18D2C2D11D0D3DFF00F85639 /* Mr_Ride_iOS.xcdatamodeld */ = {
			isa = XCVersionGroup;
			children = (
				18D2C2D21D0D3DFF00F85639 /* Mr_Ride_iOS.xcdatamodel */,
			);
			currentVersion = 18D2C2D21D0D3DFF00F85639 /* Mr_Ride_iOS.xcdatamodel */;
			path = Mr_Ride_iOS.xcdatamodeld;
			sourceTree = "<group>";
			versionGroupType = wrapper.xcdatamodel;
		};
/* End XCVersionGroup section */
	};
	rootObject = 18D2C2BF1D0D3DFF00F85639 /* Project object */;
}
